
Microsoft Visual Studio Solution File, Format Version 12.00
# Visual Studio Version 16
VisualStudioVersion = 16.0.30002.166
MinimumVisualStudioVersion = 10.0.40219.1
Project("{FAE04EC0-301F-11D3-BF4B-00C04F79EFBC}") = "ZadanieRekrutacja", "ZadanieRekrutacja.csproj", "{DB07A0A8-29D7-47F7-A6DE-FF8CE4875B1B}"
EndProject
Global
	GlobalSection(SolutionConfigurationPlatforms) = preSolution
		Debug|Any CPU = Debug|Any CPU
		Release|Any CPU = Release|Any CPU
	EndGlobalSection
	GlobalSection(ProjectConfigurationPlatforms) = postSolution
		{DB07A0A8-29D7-47F7-A6DE-FF8CE4875B1B}.Debug|Any CPU.ActiveCfg = Debug|Any CPU
		{DB07A0A8-29D7-47F7-A6DE-FF8CE4875B1B}.Debug|Any CPU.Build.0 = Debug|Any CPU
		{DB07A0A8-29D7-47F7-A6DE-FF8CE4875B1B}.Release|Any CPU.ActiveCfg = Release|Any CPU
		{DB07A0A8-29D7-47F7-A6DE-FF8CE4875B1B}.Release|Any CPU.Build.0 = Release|Any CPU
	EndGlobalSection
	GlobalSection(SolutionProperties) = preSolution
		HideSolutionNode = FALSE
	EndGlobalSection
	GlobalSection(ExtensibilityGlobals) = postSolution
		SolutionGuid = {C110944E-B500-4F50-9D5F-34C229B6C523}
	EndGlobalSection
EndGlobal
